
Microsoft Visual Studio Solution File, Format Version 12.00
# Visual Studio 2012
Project("{8BC9CEB8-8B4A-11D0-8D11-00A0C91BC942}") = "NumercialMethods4", "NumercialMethods4\NumercialMethods4.vcxproj", "{FB6904A7-01D8-40B4-866B-343ED543A848}"
EndProject
Global
	GlobalSection(SolutionConfigurationPlatforms) = preSolution
		Debug|Win32 = Debug|Win32
		Release|Win32 = Release|Win32
	EndGlobalSection
	GlobalSection(ProjectConfigurationPlatforms) = postSolution
		{FB6904A7-01D8-40B4-866B-343ED543A848}.Debug|Win32.ActiveCfg = Debug|Win32
		{FB6904A7-01D8-40B4-866B-343ED543A848}.Debug|Win32.Build.0 = Debug|Win32
		{FB6904A7-01D8-40B4-866B-343ED543A848}.Release|Win32.ActiveCfg = Release|Win32
		{FB6904A7-01D8-40B4-866B-343ED543A848}.Release|Win32.Build.0 = Release|Win32
	EndGlobalSection
	GlobalSection(SolutionProperties) = preSolution
		HideSolutionNode = FALSE
	EndGlobalSection
EndGlobal
